// !$*UTF8*$!
{
	archiveVersion = 1;
	classes = {
	};
	objectVersion = 56;
	objects = {

/* Begin PBXBuildFile section */
		CF0496202A5C0D47008CE48A /* Animal.swift in Sources */ = {isa = PBXBuildFile; fileRef = CF04961F2A5C0D47008CE48A /* Animal.swift */; };
		CF14A30C2A619F7600C97AD5 /* Sound.swift in Sources */ = {isa = PBXBuildFile; fileRef = CF14A30B2A619F7600C97AD5 /* Sound.swift */; };
		CFC20C432A5D706F00ACD2B5 /* DetailView.swift in Sources */ = {isa = PBXBuildFile; fileRef = CFC20C422A5D706F00ACD2B5 /* DetailView.swift */; };
		CFC622462A62E41600FDA4D7 /* Sounds in Resources */ = {isa = PBXBuildFile; fileRef = CFC622452A62E41600FDA4D7 /* Sounds */; };
		CFD77A5C2A5ADA0A00A3AE03 /* AnimalAppApp.swift in Sources */ = {isa = PBXBuildFile; fileRef = CFD77A5B2A5ADA0A00A3AE03 /* AnimalAppApp.swift */; };
		CFD77A5E2A5ADA0A00A3AE03 /* ContentView.swift in Sources */ = {isa = PBXBuildFile; fileRef = CFD77A5D2A5ADA0A00A3AE03 /* ContentView.swift */; };
		CFD77A602A5ADA0E00A3AE03 /* Assets.xcassets in Resources */ = {isa = PBXBuildFile; fileRef = CFD77A5F2A5ADA0E00A3AE03 /* Assets.xcassets */; };
		CFD77A632A5ADA0E00A3AE03 /* Preview Assets.xcassets in Resources */ = {isa = PBXBuildFile; fileRef = CFD77A622A5ADA0E00A3AE03 /* Preview Assets.xcassets */; };
/* End PBXBuildFile section */

/* Begin PBXFileReference section */
		CF04961F2A5C0D47008CE48A /* Animal.swift */ = {isa = PBXFileReference; lastKnownFileType = sourcecode.swift; path = Animal.swift; sourceTree = "<group>"; };
		CF14A30B2A619F7600C97AD5 /* Sound.swift */ = {isa = PBXFileReference; lastKnownFileType = sourcecode.swift; path = Sound.swift; sourceTree = "<group>"; };
		CFC20C422A5D706F00ACD2B5 /* DetailView.swift */ = {isa = PBXFileReference; lastKnownFileType = sourcecode.swift; path = DetailView.swift; sourceTree = "<group>"; };
		CFC622452A62E41600FDA4D7 /* Sounds */ = {isa = PBXFileReference; lastKnownFileType = folder; path = Sounds; sourceTree = "<group>"; };
		CFD77A582A5ADA0A00A3AE03 /* AnimalApp.app */ = {isa = PBXFileReference; explicitFileType = wrapper.application; includeInIndex = 0; path = AnimalApp.app; sourceTree = BUILT_PRODUCTS_DIR; };
		CFD77A5B2A5ADA0A00A3AE03 /* AnimalAppApp.swift */ = {isa = PBXFileReference; lastKnownFileType = sourcecode.swift; path = AnimalAppApp.swift; sourceTree = "<group>"; };
		CFD77A5D2A5ADA0A00A3AE03 /* ContentView.swift */ = {isa = PBXFileReference; lastKnownFileType = sourcecode.swift; path = ContentView.swift; sourceTree = "<group>"; };
		CFD77A5F2A5ADA0E00A3AE03 /* Assets.xcassets */ = {isa = PBXFileReference; lastKnownFileType = folder.assetcatalog; path = Assets.xcassets; sourceTree = "<group>"; };
		CFD77A622A5ADA0E00A3AE03 /* Preview Assets.xcassets */ = {isa = PBXFileReference; lastKnownFileType = folder.assetcatalog; path = "Preview Assets.xcassets"; sourceTree = "<group>"; };
/* End PBXFileReference section */

/* Begin PBXFrameworksBuildPhase section */
		CFD77A552A5ADA0A00A3AE03 /* Frameworks */ = {
			isa = PBXFrameworksBuildPhase;
			buildActionMask = 2147483647;
			files = (
			);
			runOnlyForDeploymentPostprocessing = 0;
		};
/* End PBXFrameworksBuildPhase section */

/* Begin PBXGroup section */
		CFD77A4F2A5ADA0A00A3AE03 = {
			isa = PBXGroup;
			children = (
				CFD77A5A2A5ADA0A00A3AE03 /* AnimalApp */,
				CFD77A592A5ADA0A00A3AE03 /* Products */,
			);
			sourceTree = "<group>";
		};
		CFD77A592A5ADA0A00A3AE03 /* Products */ = {
			isa = PBXGroup;
			children = (
				CFD77A582A5ADA0A00A3AE03 /* AnimalApp.app */,
			);
			name = Products;
			sourceTree = "<group>";
		};
		CFD77A5A2A5ADA0A00A3AE03 /* AnimalApp */ = {
			isa = PBXGroup;
			children = (
				CFD77A5B2A5ADA0A00A3AE03 /* AnimalAppApp.swift */,
				CFD77A5D2A5ADA0A00A3AE03 /* ContentView.swift */,
				CF04961F2A5C0D47008CE48A /* Animal.swift */,
				CFC20C422A5D706F00ACD2B5 /* DetailView.swift */,
				CF14A30B2A619F7600C97AD5 /* Sound.swift */,
				CFC622452A62E41600FDA4D7 /* Sounds */,
				CFD77A5F2A5ADA0E00A3AE03 /* Assets.xcassets */,
				CFD77A612A5ADA0E00A3AE03 /* Preview Content */,
			);
			path = AnimalApp;
			sourceTree = "<group>";
		};
		CFD77A612A5ADA0E00A3AE03 /* Preview Content */ = {
			isa = PBXGroup;
			children = (
				CFD77A622A5ADA0E00A3AE03 /* Preview Assets.xcassets */,
			);
			path = "Preview Content";
			sourceTree = "<group>";
		};
/* End PBXGroup section */

/* Begin PBXNativeTarget section */
		CFD77A572A5ADA0A00A3AE03 /* AnimalApp */ = {
			isa = PBXNativeTarget;
			buildConfigurationList = CFD77A662A5ADA0E00A3AE03 /* Build configuration list for PBXNativeTarget "AnimalApp" */;
			buildPhases = (
				CFD77A542A5ADA0A00A3AE03 /* Sources */,
				CFD77A552A5ADA0A00A3AE03 /* Frameworks */,
				CFD77A562A5ADA0A00A3AE03 /* Resources */,
			);
			buildRules = (
			);
			dependencies = (
			);
			name = AnimalApp;
			productName = AnimalApp;
			productReference = CFD77A582A5ADA0A00A3AE03 /* AnimalApp.app */;
			productType = "com.apple.product-type.application";
		};
/* End PBXNativeTarget section */

/* Begin PBXProject section */
		CFD77A502A5ADA0A00A3AE03 /* Project object */ = {
			isa = PBXProject;
			attributes = {
				BuildIndependentTargetsInParallel = 1;
				LastSwiftUpdateCheck = 1420;
				LastUpgradeCheck = 1420;
				TargetAttributes = {
					CFD77A572A5ADA0A00A3AE03 = {
						CreatedOnToolsVersion = 14.2;
					};
				};
			};
			buildConfigurationList = CFD77A532A5ADA0A00A3AE03 /* Build configuration list for PBXProject "AnimalApp" */;
			compatibilityVersion = "Xcode 14.0";
			developmentRegion = en;
			hasScannedForEncodings = 0;
			knownRegions = (
				en,
				Base,
			);
			mainGroup = CFD77A4F2A5ADA0A00A3AE03;
			productRefGroup = CFD77A592A5ADA0A00A3AE03 /* Products */;
			projectDirPath = "";
			projectRoot = "";
			targets = (
				CFD77A572A5ADA0A00A3AE03 /* AnimalApp */,
			);
		};
/* End PBXProject section */

/* Begin PBXResourcesBuildPhase section */
		CFD77A562A5ADA0A00A3AE03 /* Resources */ = {
			isa = PBXResourcesBuildPhase;
			buildActionMask = 2147483647;
			files = (
				CFC622462A62E41600FDA4D7 /* Sounds in Resources */,
				CFD77A632A5ADA0E00A3AE03 /* Preview Assets.xcassets in Resources */,
				CFD77A602A5ADA0E00A3AE03 /* Assets.xcassets in Resources */,
			);
			runOnlyForDeploymentPostprocessing = 0;
		};
/* End PBXResourcesBuildPhase section */

/* Begin PBXSourcesBuildPhase section */
		CFD77A542A5ADA0A00A3AE03 /* Sources */ = {
			isa = PBXSourcesBuildPhase;
			buildActionMask = 2147483647;
			files = (
				CF14A30C2A619F7600C97AD5 /* Sound.swift in Sources */,
				CFD77A5E2A5ADA0A00A3AE03 /* ContentView.swift in Sources */,
				CFC20C432A5D706F00ACD2B5 /* DetailView.swift in Sources */,
				CFD77A5C2A5ADA0A00A3AE03 /* AnimalAppApp.swift in Sources */,
				CF0496202A5C0D47008CE48A /* Animal.swift in Sources */,
			);
			runOnlyForDeploymentPostprocessing = 0;
		};
/* End PBXSourcesBuildPhase section */

/* Begin XCBuildConfiguration section */
		CFD77A642A5ADA0E00A3AE03 /* Debug */ = {
			isa = XCBuildConfiguration;
			buildSettings = {
				ALWAYS_SEARCH_USER_PATHS = NO;
				CLANG_ANALYZER_NONNULL = YES;
				CLANG_ANALYZER_NUMBER_OBJECT_CONVERSION = YES_AGGRESSIVE;
				CLANG_CXX_LANGUAGE_STANDARD = "gnu++20";
				CLANG_ENABLE_MODULES = YES;
				CLANG_ENABLE_OBJC_ARC = YES;
				CLANG_ENABLE_OBJC_WEAK = YES;
				CLANG_WARN_BLOCK_CAPTURE_AUTORELEASING = YES;
				CLANG_WARN_BOOL_CONVERSION = YES;
				CLANG_WARN_COMMA = YES;
				CLANG_WARN_CONSTANT_CONVERSION = YES;
				CLANG_WARN_DEPRECATED_OBJC_IMPLEMENTATIONS = YES;
				CLANG_WARN_DIRECT_OBJC_ISA_USAGE = YES_ERROR;
				CLANG_WARN_DOCUMENTATION_COMMENTS = YES;
				CLANG_WARN_EMPTY_BODY = YES;
				CLANG_WARN_ENUM_CONVERSION = YES;
				CLANG_WARN_INFINITE_RECURSION = YES;
				CLANG_WARN_INT_CONVERSION = YES;
				CLANG_WARN_NON_LITERAL_NULL_CONVERSION = YES;
				CLANG_WARN_OBJC_IMPLICIT_RETAIN_SELF = YES;
				CLANG_WARN_OBJC_LITERAL_CONVERSION = YES;
				CLANG_WARN_OBJC_ROOT_CLASS = YES_ERROR;
				CLANG_WARN_QUOTED_INCLUDE_IN_FRAMEWORK_HEADER = YES;
				CLANG_WARN_RANGE_LOOP_ANALYSIS = YES;
				CLANG_WARN_STRICT_PROTOTYPES = YES;
				CLANG_WARN_SUSPICIOUS_MOVE = YES;
				CLANG_WARN_UNGUARDED_AVAILABILITY = YES_AGGRESSIVE;
				CLANG_WARN_UNREACHABLE_CODE = YES;
				CLANG_WARN__DUPLICATE_METHOD_MATCH = YES;
				COPY_PHASE_STRIP = NO;
				DEBUG_INFORMATION_FORMAT = dwarf;
				ENABLE_STRICT_OBJC_MSGSEND = YES;
				ENABLE_TESTABILITY = YES;
				GCC_C_LANGUAGE_STANDARD = gnu11;
				GCC_DYNAMIC_NO_PIC = NO;
				GCC_NO_COMMON_BLOCKS = YES;
				GCC_OPTIMIZATION_LEVEL = 0;
				GCC_PREPROCESSOR_DEFINITIONS = (
					"DEBUG=1",
					"$(inherited)",
				);
				GCC_WARN_64_TO_32_BIT_CONVERSION = YES;
				GCC_WARN_ABOUT_RETURN_TYPE = YES_ERROR;
				GCC_WARN_UNDECLARED_SELECTOR = YES;
				GCC_WARN_UNINITIALIZED_AUTOS = YES_AGGRESSIVE;
				GCC_WARN_UNUSED_FUNCTION = YES;
				GCC_WARN_UNUSED_VARIABLE = YES;
				IPHONEOS_DEPLOYMENT_TARGET = 16.2;
				MTL_ENABLE_DEBUG_INFO = INCLUDE_SOURCE;
				MTL_FAST_MATH = YES;
				ONLY_ACTIVE_ARCH = YES;
				SDKROOT = iphoneos;
				SWIFT_ACTIVE_COMPILATION_CONDITIONS = DEBUG;
				SWIFT_OPTIMIZATION_LEVEL = "-Onone";
			};
			name = Debug;
		};
		CFD77A652A5ADA0E00A3AE03 /* Release */ = {
			isa = XCBuildConfiguration;
			buildSettings = {
				ALWAYS_SEARCH_USER_PATHS = NO;
				CLANG_ANALYZER_NONNULL = YES;
				CLANG_ANALYZER_NUMBER_OBJECT_CONVERSION = YES_AGGRESSIVE;
				CLANG_CXX_LANGUAGE_STANDARD = "gnu++20";
				CLANG_ENABLE_MODULES = YES;
				CLANG_ENABLE_OBJC_ARC = YES;
				CLANG_ENABLE_OBJC_WEAK = YES;
				CLANG_WARN_BLOCK_CAPTURE_AUTORELEASING = YES;
				CLANG_WARN_BOOL_CONVERSION = YES;
				CLANG_WARN_COMMA = YES;
				CLANG_WARN_CONSTANT_CONVERSION = YES;
				CLANG_WARN_DEPRECATED_OBJC_IMPLEMENTATIONS = YES;
				CLANG_WARN_DIRECT_OBJC_ISA_USAGE = YES_ERROR;
				CLANG_WARN_DOCUMENTATION_COMMENTS = YES;
				CLANG_WARN_EMPTY_BODY = YES;
				CLANG_WARN_ENUM_CONVERSION = YES;
				CLANG_WARN_INFINITE_RECURSION = YES;
				CLANG_WARN_INT_CONVERSION = YES;
				CLANG_WARN_NON_LITERAL_NULL_CONVERSION = YES;
				CLANG_WARN_OBJC_IMPLICIT_RETAIN_SELF = YES;
				CLANG_WARN_OBJC_LITERAL_CONVERSION = YES;
				CLANG_WARN_OBJC_ROOT_CLASS = YES_ERROR;
				CLANG_WARN_QUOTED_INCLUDE_IN_FRAMEWORK_HEADER = YES;
				CLANG_WARN_RANGE_LOOP_ANALYSIS = YES;
				CLANG_WARN_STRICT_PROTOTYPES = YES;
				CLANG_WARN_SUSPICIOUS_MOVE = YES;
				CLANG_WARN_UNGUARDED_AVAILABILITY = YES_AGGRESSIVE;
				CLANG_WARN_UNREACHABLE_CODE = YES;
				CLANG_WARN__DUPLICATE_METHOD_MATCH = YES;
				COPY_PHASE_STRIP = NO;
				DEBUG_INFORMATION_FORMAT = "dwarf-with-dsym";
				ENABLE_NS_ASSERTIONS = NO;
				ENABLE_STRICT_OBJC_MSGSEND = YES;
				GCC_C_LANGUAGE_STANDARD = gnu11;
				GCC_NO_COMMON_BLOCKS = YES;
				GCC_WARN_64_TO_32_BIT_CONVERSION = YES;
				GCC_WARN_ABOUT_RETURN_TYPE = YES_ERROR;
				GCC_WARN_UNDECLARED_SELECTOR = YES;
				GCC_WARN_UNINITIALIZED_AUTOS = YES_AGGRESSIVE;
				GCC_WARN_UNUSED_FUNCTION = YES;
				GCC_WARN_UNUSED_VARIABLE = YES;
				IPHONEOS_DEPLOYMENT_TARGET = 16.2;
				MTL_ENABLE_DEBUG_INFO = NO;
				MTL_FAST_MATH = YES;
				SDKROOT = iphoneos;
				SWIFT_COMPILATION_MODE = wholemodule;
				SWIFT_OPTIMIZATION_LEVEL = "-O";
				VALIDATE_PRODUCT = YES;
			};
			name = Release;
		};
		CFD77A672A5ADA0E00A3AE03 /* Debug */ = {
			isa = XCBuildConfiguration;
			buildSettings = {
				ASSETCATALOG_COMPILER_APPICON_NAME = AppIcon;
				ASSETCATALOG_COMPILER_GLOBAL_ACCENT_COLOR_NAME = AccentColor;
				CODE_SIGN_STYLE = Automatic;
				CURRENT_PROJECT_VERSION = 1;
				DEVELOPMENT_ASSET_PATHS = "\"AnimalApp/Preview Content\"";
				ENABLE_PREVIEWS = YES;
				GENERATE_INFOPLIST_FILE = YES;
				INFOPLIST_KEY_UIApplicationSceneManifest_Generation = YES;
				INFOPLIST_KEY_UIApplicationSupportsIndirectInputEvents = YES;
				INFOPLIST_KEY_UILaunchScreen_Generation = YES;
				INFOPLIST_KEY_UISupportedInterfaceOrientations_iPad = "UIInterfaceOrientationPortrait UIInterfaceOrientationPortraitUpsideDown UIInterfaceOrientationLandscapeLeft UIInterfaceOrientationLandscapeRight";
				INFOPLIST_KEY_UISupportedInterfaceOrientations_iPhone = "UIInterfaceOrientationPortrait UIInterfaceOrientationLandscapeLeft UIInterfaceOrientationLandscapeRight";
				LD_RUNPATH_SEARCH_PATHS = (
					"$(inherited)",
					"@executable_path/Frameworks",
				);
				MARKETING_VERSION = 1.0;
				PRODUCT_BUNDLE_IDENTIFIER = ios.ct.fiu.edu.AnimalApp;
				PRODUCT_NAME = "$(TARGET_NAME)";
				SWIFT_EMIT_LOC_STRINGS = YES;
				SWIFT_VERSION = 5.0;
				TARGETED_DEVICE_FAMILY = "1,2";
			};
			name = Debug;
		};
		CFD77A682A5ADA0E00A3AE03 /* Release */ = {
			isa = XCBuildConfiguration;
			buildSettings = {
				ASSETCATALOG_COMPILER_APPICON_NAME = AppIcon;
				ASSETCATALOG_COMPILER_GLOBAL_ACCENT_COLOR_NAME = AccentColor;
				CODE_SIGN_STYLE = Automatic;
				CURRENT_PROJECT_VERSION = 1;
				DEVELOPMENT_ASSET_PATHS = "\"AnimalApp/Preview Content\"";
				ENABLE_PREVIEWS = YES;
				GENERATE_INFOPLIST_FILE = YES;
				INFOPLIST_KEY_UIApplicationSceneManifest_Generation = YES;
				INFOPLIST_KEY_UIApplicationSupportsIndirectInputEvents = YES;
				INFOPLIST_KEY_UILaunchScreen_Generation = YES;
				INFOPLIST_KEY_UISupportedInterfaceOrientations_iPad = "UIInterfaceOrientationPortrait UIInterfaceOrientationPortraitUpsideDown UIInterfaceOrientationLandscapeLeft UIInterfaceOrientationLandscapeRight";
				INFOPLIST_KEY_UISupportedInterfaceOrientations_iPhone = "UIInterfaceOrientationPortrait UIInterfaceOrientationLandscapeLeft UIInterfaceOrientationLandscapeRight";
				LD_RUNPATH_SEARCH_PATHS = (
					"$(inherited)",
					"@executable_path/Frameworks",
				);
				MARKETING_VERSION = 1.0;
				PRODUCT_BUNDLE_IDENTIFIER = ios.ct.fiu.edu.AnimalApp;
				PRODUCT_NAME = "$(TARGET_NAME)";
				SWIFT_EMIT_LOC_STRINGS = YES;
				SWIFT_VERSION = 5.0;
				TARGETED_DEVICE_FAMILY = "1,2";
			};
			name = Release;
		};
/* End XCBuildConfiguration section */

/* Begin XCConfigurationList section */
		CFD77A532A5ADA0A00A3AE03 /* Build configuration list for PBXProject "AnimalApp" */ = {
			isa = XCConfigurationList;
			buildConfigurations = (
				CFD77A642A5ADA0E00A3AE03 /* Debug */,
				CFD77A652A5ADA0E00A3AE03 /* Release */,
			);
			defaultConfigurationIsVisible = 0;
			defaultConfigurationName = Release;
		};
		CFD77A662A5ADA0E00A3AE03 /* Build configuration list for PBXNativeTarget "AnimalApp" */ = {
			isa = XCConfigurationList;
			buildConfigurations = (
				CFD77A672A5ADA0E00A3AE03 /* Debug */,
				CFD77A682A5ADA0E00A3AE03 /* Release */,
			);
			defaultConfigurationIsVisible = 0;
			defaultConfigurationName = Release;
		};
/* End XCConfigurationList section */
	};
	rootObject = CFD77A502A5ADA0A00A3AE03 /* Project object */;
}
